lockfileVersion: '9.0'

settings:
  autoInstallPeers: true
  excludeLinksFromLockfile: false

importers:

  .:
    dependencies:
      hono:
        specifier: ^4.7.2
        version: 4.7.2
    devDependencies:
      '@types/bun':
        specifier: latest
        version: 1.2.2

packages:

  '@types/bun@1.2.2':
    resolution: {integrity: sha512-tr74gdku+AEDN5ergNiBnplr7hpDp3V1h7fqI2GcR/rsUaM39jpSeKH0TFibRvU0KwniRx5POgaYnaXbk0hU+w==}

  '@types/node@22.13.4':
    resolution: {integrity: sha512-ywP2X0DYtX3y08eFVx5fNIw7/uIv8hYUKgXoK8oayJlLnKcRfEYCxWMVE1XagUdVtCJlZT1AU4LXEABW+L1Peg==}

  '@types/ws@8.5.14':
    resolution: {integrity: sha512-bd/YFLW+URhBzMXurx7lWByOu+xzU9+kb3RboOteXYDfW+tr+JZa99OyNmPINEGB/ahzKrEuc8rcv4gnpJmxTw==}

  bun-types@1.2.2:
    resolution: {integrity: sha512-RCbMH5elr9gjgDGDhkTTugA21XtJAy/9jkKe/G3WR2q17VPGhcquf9Sir6uay9iW+7P/BV0CAHA1XlHXMAVKHg==}

  hono@4.7.2:
    resolution: {integrity: sha512-8V5XxoOF6SI12jkHkzX/6aLBMU5GEF5g387EjVSQipS0DlxWgWGSMeEayY3CRBjtTUQYwLHx9JYouWqKzy2Vng==}
    engines: {node: '>=16.9.0'}

  undici-types@6.20.0:
    resolution: {integrity: sha512-Ny6QZ2Nju20vw1SRHe3d9jVu6gJ+4e3+MMpqu7pqE5HT6WsTSlce++GQmK5UXS8mzV8DSYHrQH+Xrf2jVcuKNg==}

snapshots:

  '@types/bun@1.2.2':
    dependencies:
      bun-types: 1.2.2

  '@types/node@22.13.4':
    dependencies:
      undici-types: 6.20.0

  '@types/ws@8.5.14':
    dependencies:
      '@types/node': 22.13.4

  bun-types@1.2.2:
    dependencies:
      '@types/node': 22.13.4
      '@types/ws': 8.5.14

  hono@4.7.2: {}

  undici-types@6.20.0: {}
